
Microsoft Visual Studio Solution File, Format Version 12.00
# Visual Studio Version 16
VisualStudioVersion = 16.0.30114.105
MinimumVisualStudioVersion = 10.0.40219.1
Project("{FAE04EC0-301F-11D3-BF4B-00C04F79EFBC}") = "API", "API\API.csproj", "{294AF96C-A335-4C94-A5F5-7128C4D72CCC}"
EndProject
Project("{FAE04EC0-301F-11D3-BF4B-00C04F79EFBC}") = "Application", "Application\Application.csproj", "{A8B75E63-4FC3-4FD3-AA4A-4D803C592546}"
EndProject
Project("{FAE04EC0-301F-11D3-BF4B-00C04F79EFBC}") = "Persistence", "Persistence\Persistence.csproj", "{784566AD-323E-405B-983B-8B6C1B400F69}"
EndProject
Project("{FAE04EC0-301F-11D3-BF4B-00C04F79EFBC}") = "Domain", "Domain\Domain.csproj", "{3F267060-0354-40CF-B63A-3E6E324405F3}"
EndProject
Global
	GlobalSection(SolutionConfigurationPlatforms) = preSolution
		Debug|Any CPU = Debug|Any CPU
		Release|Any CPU = Release|Any CPU
	EndGlobalSection
	GlobalSection(SolutionProperties) = preSolution
		HideSolutionNode = FALSE
	EndGlobalSection
	GlobalSection(ProjectConfigurationPlatforms) = postSolution
		{294AF96C-A335-4C94-A5F5-7128C4D72CCC}.Debug|Any CPU.ActiveCfg = Debug|Any CPU
		{294AF96C-A335-4C94-A5F5-7128C4D72CCC}.Debug|Any CPU.Build.0 = Debug|Any CPU
		{294AF96C-A335-4C94-A5F5-7128C4D72CCC}.Release|Any CPU.ActiveCfg = Release|Any CPU
		{294AF96C-A335-4C94-A5F5-7128C4D72CCC}.Release|Any CPU.Build.0 = Release|Any CPU
		{A8B75E63-4FC3-4FD3-AA4A-4D803C592546}.Debug|Any CPU.ActiveCfg = Debug|Any CPU
		{A8B75E63-4FC3-4FD3-AA4A-4D803C592546}.Debug|Any CPU.Build.0 = Debug|Any CPU
		{A8B75E63-4FC3-4FD3-AA4A-4D803C592546}.Release|Any CPU.ActiveCfg = Release|Any CPU
		{A8B75E63-4FC3-4FD3-AA4A-4D803C592546}.Release|Any CPU.Build.0 = Release|Any CPU
		{784566AD-323E-405B-983B-8B6C1B400F69}.Debug|Any CPU.ActiveCfg = Debug|Any CPU
		{784566AD-323E-405B-983B-8B6C1B400F69}.Debug|Any CPU.Build.0 = Debug|Any CPU
		{784566AD-323E-405B-983B-8B6C1B400F69}.Release|Any CPU.ActiveCfg = Release|Any CPU
		{784566AD-323E-405B-983B-8B6C1B400F69}.Release|Any CPU.Build.0 = Release|Any CPU
		{3F267060-0354-40CF-B63A-3E6E324405F3}.Debug|Any CPU.ActiveCfg = Debug|Any CPU
		{3F267060-0354-40CF-B63A-3E6E324405F3}.Debug|Any CPU.Build.0 = Debug|Any CPU
		{3F267060-0354-40CF-B63A-3E6E324405F3}.Release|Any CPU.ActiveCfg = Release|Any CPU
		{3F267060-0354-40CF-B63A-3E6E324405F3}.Release|Any CPU.Build.0 = Release|Any CPU
	EndGlobalSection
EndGlobal
